<?xml version="1.0" encoding="utf-8"?>
<Project ToolsVersion="4.0" xmlns="http://schemas.microsoft.com/developer/msbuild/2003">
  <ItemGroup>
    <Filter Include="Source Files">
      <UniqueIdentifier>{4FC737F1-C7A5-4376-A066-2A32D752A2FF}</UniqueIdentifier>
      <Extensions>cpp;cxx;c;def</Extensions>
    </Filter>
    <Filter Include="Header Files">
      <UniqueIdentifier>{93995380-89BD-4b04-88EB-625FBE52EBFB}</UniqueIdentifier>
      <Extensions>h</Extensions>
    </Filter>
    <Filter Include="Form Files">
      <UniqueIdentifier>{99349809-55BA-4b9d-BF79-8FDBB0286EB3}</UniqueIdentifier>
      <Extensions>ui</Extensions>
    </Filter>
    <Filter Include="Resource Files">
      <UniqueIdentifier>{D9D6E242-F8AF-46E4-B9FD-80ECBC20BA3E}</UniqueIdentifier>
      <Extensions>qrc;*</Extensions>
      <ParseFiles>false</ParseFiles>
    </Filter>
    <Filter Include="Generated Files">
      <UniqueIdentifier>{71ED8ED8-ACB9-4CE9-BBE1-E00B30144E11}</UniqueIdentifier>
      <Extensions>moc;h;cpp</Extensions>
      <SourceControlFiles>False</SourceControlFiles>
    </Filter>
    <Filter Include="Generated Files\Debug">
      <UniqueIdentifier>{248f7bd9-5c1e-4825-be06-06998d12f709}</UniqueIdentifier>
      <Extensions>cpp;moc</Extensions>
      <SourceControlFiles>False</SourceControlFiles>
    </Filter>
    <Filter Include="Generated Files\Release">
      <UniqueIdentifier>{0a553631-f85c-4945-b99d-1462b52cd704}</UniqueIdentifier>
      <Extensions>cpp;moc</Extensions>
      <SourceControlFiles>False</SourceControlFiles>
    </Filter>
    <Filter Include="Header Files\UI">
      <UniqueIdentifier>{77723efd-1a35-4943-894d-ffb9814a5ea5}</UniqueIdentifier>
    </Filter>
    <Filter Include="Header Files\Alg">
      <UniqueIdentifier>{c74de745-a8f0-4785-82f0-77a619505510}</UniqueIdentifier>
    </Filter>
    <Filter Include="Header Files\Core">
      <UniqueIdentifier>{54cf2b97-614e-44c6-98bb-7fefef89e9dc}</UniqueIdentifier>
    </Filter>
    <Filter Include="Source Files\UI">
      <UniqueIdentifier>{09a82473-2653-4935-a1a1-87ca27438ed6}</UniqueIdentifier>
    </Filter>
    <Filter Include="Source Files\Alg">
      <UniqueIdentifier>{a64d333d-913a-4ef3-9c5e-bb196412a224}</UniqueIdentifier>
    </Filter>
    <Filter Include="Source Files\Core">
      <UniqueIdentifier>{bcb9b887-a340-4982-90b1-a32d1b63f6cb}</UniqueIdentifier>
    </Filter>
  </ItemGroup>
  <ItemGroup>
    <ClCompile Include="main.cpp">
      <Filter>Source Files</Filter>
    </ClCompile>
    <ClCompile Include="GeneratedFiles\Debug\moc_tgMainWindow.cpp">
      <Filter>Generated Files\Debug</Filter>
    </ClCompile>
    <ClCompile Include="GeneratedFiles\Release\moc_tgMainWindow.cpp">
      <Filter>Generated Files\Release</Filter>
    </ClCompile>
    <ClCompile Include="GeneratedFiles\qrc_tgMainWindow.cpp">
      <Filter>Generated Files</Filter>
    </ClCompile>
    <ClCompile Include="GeneratedFiles\Debug\moc_tgConsole.cpp">
      <Filter>Generated Files\Debug</Filter>
    </ClCompile>
    <ClCompile Include="GeneratedFiles\Release\moc_tgConsole.cpp">
      <Filter>Generated Files\Release</Filter>
    </ClCompile>
    <ClCompile Include="tgCore.cpp">
      <Filter>Source Files\Core</Filter>
    </ClCompile>
    <ClCompile Include="tgParam.cpp">
      <Filter>Source Files\Core</Filter>
    </ClCompile>
    <ClCompile Include="tgVariant.cpp">
      <Filter>Source Files\Core</Filter>
    </ClCompile>
    <ClCompile Include="tgTask.cpp">
      <Filter>Source Files\Core</Filter>
    </ClCompile>
    <ClCompile Include="tgThread.cpp">
      <Filter>Source Files\Core</Filter>
    </ClCompile>
    <ClCompile Include="tgConsole.cpp">
      <Filter>Source Files\UI</Filter>
    </ClCompile>
    <ClCompile Include="tgMainWindow.cpp">
      <Filter>Source Files\UI</Filter>
    </ClCompile>
    <ClCompile Include="tgCallbackUI.cpp">
      <Filter>Source Files\UI</Filter>
    </ClCompile>
    <ClCompile Include="tgMeshIO.cpp">
      <Filter>Source Files\Alg</Filter>
    </ClCompile>
    <ClCompile Include="tgManagerUI.cpp">
      <Filter>Source Files\UI</Filter>
    </ClCompile>
    <ClCompile Include="GeneratedFiles\Debug\moc_tgViewer3D.cpp">
      <Filter>Generated Files\Debug</Filter>
    </ClCompile>
    <ClCompile Include="GeneratedFiles\Release\moc_tgViewer3D.cpp">
      <Filter>Generated Files\Release</Filter>
    </ClCompile>
    <ClCompile Include="tgViewer3D.cpp">
      <Filter>Source Files\UI</Filter>
    </ClCompile>
    <ClCompile Include="..\3rdParty\vcglib\wrap\gui\trackball.cpp">
      <Filter>Source Files\UI</Filter>
    </ClCompile>
    <ClCompile Include="..\3rdParty\vcglib\wrap\gui\trackmode.cpp">
      <Filter>Source Files\UI</Filter>
    </ClCompile>
    <ClCompile Include="tgVCG.cpp">
      <Filter>Source Files\Core</Filter>
    </ClCompile>
    <ClCompile Include="..\3rdParty\vcglib\wrap\ply\plylib.cpp">
      <Filter>Source Files\Core</Filter>
    </ClCompile>
    <ClCompile Include="tgData.cpp">
      <Filter>Source Files\Core</Filter>
    </ClCompile>
    <ClCompile Include="tgCopy4Render.cpp">
      <Filter>Source Files\Alg</Filter>
    </ClCompile>
    <ClCompile Include="tgConvexHull.cpp">
      <Filter>Source Files\Alg</Filter>
    </ClCompile>
    <ClCompile Include="..\3rdParty\glew-1.13.0\src\glew.c">
      <Filter>Source Files\UI</Filter>
    </ClCompile>
  </ItemGroup>
  <ItemGroup>
    <CustomBuild Include="tgMainWindow.ui">
      <Filter>Form Files</Filter>
    </CustomBuild>
    <CustomBuild Include="tgMainWindow.qrc">
      <Filter>Resource Files</Filter>
    </CustomBuild>
    <CustomBuild Include="tgConsole.ui">
      <Filter>Form Files</Filter>
    </CustomBuild>
    <CustomBuild Include="tgConsole.h">
      <Filter>Header Files\UI</Filter>
    </CustomBuild>
    <CustomBuild Include="tgMainWindow.h">
      <Filter>Header Files\UI</Filter>
    </CustomBuild>
    <CustomBuild Include="tgViewer3D.h">
      <Filter>Header Files\UI</Filter>
    </CustomBuild>
  </ItemGroup>
  <ItemGroup>
    <ClInclude Include="GeneratedFiles\ui_tgMainWindow.h">
      <Filter>Generated Files</Filter>
    </ClInclude>
    <ClInclude Include="GeneratedFiles\ui_tgConsole.h">
      <Filter>Generated Files</Filter>
    </ClInclude>
    <ClInclude Include="tgCore.h">
      <Filter>Header Files\Core</Filter>
    </ClInclude>
    <ClInclude Include="tgParam.h">
      <Filter>Header Files\Core</Filter>
    </ClInclude>
    <ClInclude Include="tgVariant.h">
      <Filter>Header Files\Core</Filter>
    </ClInclude>
    <ClInclude Include="tgTask.h">
      <Filter>Header Files\Core</Filter>
    </ClInclude>
    <ClInclude Include="tgThread.h">
      <Filter>Header Files\Core</Filter>
    </ClInclude>
    <ClInclude Include="tgCallbackUI.h">
      <Filter>Header Files\UI</Filter>
    </ClInclude>
    <ClInclude Include="tgMeshIO.h">
      <Filter>Header Files\Alg</Filter>
    </ClInclude>
    <ClInclude Include="tgManagerUI.h">
      <Filter>Header Files\UI</Filter>
    </ClInclude>
    <ClInclude Include="tgVCG.h">
      <Filter>Header Files\Core</Filter>
    </ClInclude>
    <ClInclude Include="tgData.h">
      <Filter>Header Files\Core</Filter>
    </ClInclude>
    <ClInclude Include="tgCopy4Render.h">
      <Filter>Header Files\Alg</Filter>
    </ClInclude>
    <ClInclude Include="tgConvexHull.h">
      <Filter>Header Files\Alg</Filter>
    </ClInclude>
  </ItemGroup>
  <ItemGroup>
    <ResourceCompile Include="CH-GMM.rc" />
  </ItemGroup>
  <ItemGroup>
    <Image Include="Resources\add.png">
      <Filter>Resource Files</Filter>
    </Image>
  </ItemGroup>
</Project>